
Microsoft Visual Studio Solution File, Format Version 12.00
# Visual Studio Version 17
VisualStudioVersion = 17.11.35312.102
MinimumVisualStudioVersion = 10.0.40219.1
Project("{FAE04EC0-301F-11D3-BF4B-00C04F79EFBC}") = "CampusStay", "CampusStay\CampusStay.csproj", "{EC52302E-FD9B-4563-927C-D57F619ACC51}"
EndProject
Global
	GlobalSection(SolutionConfigurationPlatforms) = preSolution
		Debug|Any CPU = Debug|Any CPU
		Release|Any CPU = Release|Any CPU
	EndGlobalSection
	GlobalSection(ProjectConfigurationPlatforms) = postSolution
		{EC52302E-FD9B-4563-927C-D57F619ACC51}.Debug|Any CPU.ActiveCfg = Debug|Any CPU
		{EC52302E-FD9B-4563-927C-D57F619ACC51}.Debug|Any CPU.Build.0 = Debug|Any CPU
		{EC52302E-FD9B-4563-927C-D57F619ACC51}.Release|Any CPU.ActiveCfg = Release|Any CPU
		{EC52302E-FD9B-4563-927C-D57F619ACC51}.Release|Any CPU.Build.0 = Release|Any CPU
	EndGlobalSection
	GlobalSection(SolutionProperties) = preSolution
		HideSolutionNode = FALSE
	EndGlobalSection
	GlobalSection(ExtensibilityGlobals) = postSolution
		SolutionGuid = {9442C04A-A6C1-4B82-958D-015A0AA069C1}
	EndGlobalSection
EndGlobal
